
Microsoft Visual Studio Solution File, Format Version 12.00
# Visual Studio Version 17
VisualStudioVersion = 17.2.32616.157
MinimumVisualStudioVersion = 10.0.40219.1
Project("{FAE04EC0-301F-11D3-BF4B-00C04F79EFBC}") = "API", "src\API\API.csproj", "{3AF69746-63E7-4451-9ECD-BF6253402EC3}"
EndProject
Global
	GlobalSection(SolutionConfigurationPlatforms) = preSolution
		Debug|Any CPU = Debug|Any CPU
		Release|Any CPU = Release|Any CPU
	EndGlobalSection
	GlobalSection(ProjectConfigurationPlatforms) = postSolution
		{3AF69746-63E7-4451-9ECD-BF6253402EC3}.Debug|Any CPU.ActiveCfg = Debug|Any CPU
		{3AF69746-63E7-4451-9ECD-BF6253402EC3}.Debug|Any CPU.Build.0 = Debug|Any CPU
		{3AF69746-63E7-4451-9ECD-BF6253402EC3}.Release|Any CPU.ActiveCfg = Release|Any CPU
		{3AF69746-63E7-4451-9ECD-BF6253402EC3}.Release|Any CPU.Build.0 = Release|Any CPU
	EndGlobalSection
	GlobalSection(SolutionProperties) = preSolution
		HideSolutionNode = FALSE
	EndGlobalSection
	GlobalSection(ExtensibilityGlobals) = postSolution
		SolutionGuid = {5285E670-25AA-4BD3-B3C0-EC5DAC017465}
	EndGlobalSection
EndGlobal
